
Microsoft Visual Studio Solution File, Format Version 11.00
# Visual Studio 2010
Project("{FAE04EC0-301F-11D3-BF4B-00C04F79EFBC}") = "2D_GameOfBalls_kim_04032018", "Assembly-CSharp.csproj", "{DCD27270-4D28-D4D7-B77A-EF692ADCFCD7}"
EndProject
Global
	GlobalSection(SolutionConfigurationPlatforms) = preSolution
		Debug|Any CPU = Debug|Any CPU
		Release|Any CPU = Release|Any CPU
	EndGlobalSection
	GlobalSection(ProjectConfigurationPlatforms) = postSolution
		{DCD27270-4D28-D4D7-B77A-EF692ADCFCD7}.Debug|Any CPU.ActiveCfg = Debug|Any CPU
		{DCD27270-4D28-D4D7-B77A-EF692ADCFCD7}.Debug|Any CPU.Build.0 = Debug|Any CPU
		{DCD27270-4D28-D4D7-B77A-EF692ADCFCD7}.Release|Any CPU.ActiveCfg = Release|Any CPU
		{DCD27270-4D28-D4D7-B77A-EF692ADCFCD7}.Release|Any CPU.Build.0 = Release|Any CPU
	EndGlobalSection
	GlobalSection(SolutionProperties) = preSolution
		HideSolutionNode = FALSE
	EndGlobalSection
	GlobalSection(MonoDevelopProperties) = preSolution
		StartupItem = Assembly-CSharp.csproj
	EndGlobalSection
EndGlobal
